{
  "name": "typescript",
  "version": "1.0.0",
  "lockfileVersion": 1,
  "requires": true,
  "dependencies": {
    "ts-optchain": {
      "version": "0.1.6",
      "resolved": "https://registry.npmjs.org/ts-optchain/-/ts-optchain-0.1.6.tgz",
      "integrity": "sha512-ZjfEWXqG1PQrQ7730w0Ts/obgkuSFE4PvzwwA8GnzfQpba09cDAnrO+SfgKHyWpq/6OMfp2YJpYdR3I87LXfWg=="
    }
  }
}
